
Microsoft Visual Studio Solution File, Format Version 12.00
# Visual Studio Version 16
VisualStudioVersion = 16.0.30317.65
MinimumVisualStudioVersion = 10.0.40219.1
Project("{9A19103F-16F7-4668-BE54-9A1E7A4F7556}") = "CareerFrameworkAPI", "CareerFrameworkAPI.csproj", "{22B0772A-493E-4586-9E9C-D5EE97941D6A}"
EndProject
Global
	GlobalSection(SolutionConfigurationPlatforms) = preSolution
		Debug|Any CPU = Debug|Any CPU
		Publish|Any CPU = Publish|Any CPU
		Release|Any CPU = Release|Any CPU
	EndGlobalSection
	GlobalSection(ProjectConfigurationPlatforms) = postSolution
		{22B0772A-493E-4586-9E9C-D5EE97941D6A}.Debug|Any CPU.ActiveCfg = Debug|Any CPU
		{22B0772A-493E-4586-9E9C-D5EE97941D6A}.Debug|Any CPU.Build.0 = Debug|Any CPU
		{22B0772A-493E-4586-9E9C-D5EE97941D6A}.Publish|Any CPU.ActiveCfg = Publish|Any CPU
		{22B0772A-493E-4586-9E9C-D5EE97941D6A}.Publish|Any CPU.Build.0 = Publish|Any CPU
		{22B0772A-493E-4586-9E9C-D5EE97941D6A}.Release|Any CPU.ActiveCfg = Release|Any CPU
		{22B0772A-493E-4586-9E9C-D5EE97941D6A}.Release|Any CPU.Build.0 = Release|Any CPU
	EndGlobalSection
	GlobalSection(SolutionProperties) = preSolution
		HideSolutionNode = FALSE
	EndGlobalSection
	GlobalSection(ExtensibilityGlobals) = postSolution
		SolutionGuid = {BA4E9135-7BD5-47AB-8743-F503CA7D21BE}
	EndGlobalSection
EndGlobal
